
Microsoft Visual Studio Solution File, Format Version 12.00
# Visual Studio Version 17
VisualStudioVersion = 17.9.34607.119
MinimumVisualStudioVersion = 10.0.40219.1
Project("{FAE04EC0-301F-11D3-BF4B-00C04F79EFBC}") = "DLLozhimkov", "DLLozhimkov\DLLozhimkov.csproj", "{67CDC623-ADD3-4678-8F88-1A8A951513D2}"
EndProject
Global
	GlobalSection(SolutionConfigurationPlatforms) = preSolution
		Debug|Any CPU = Debug|Any CPU
		Release|Any CPU = Release|Any CPU
	EndGlobalSection
	GlobalSection(ProjectConfigurationPlatforms) = postSolution
		{67CDC623-ADD3-4678-8F88-1A8A951513D2}.Debug|Any CPU.ActiveCfg = Debug|Any CPU
		{67CDC623-ADD3-4678-8F88-1A8A951513D2}.Debug|Any CPU.Build.0 = Debug|Any CPU
		{67CDC623-ADD3-4678-8F88-1A8A951513D2}.Release|Any CPU.ActiveCfg = Release|Any CPU
		{67CDC623-ADD3-4678-8F88-1A8A951513D2}.Release|Any CPU.Build.0 = Release|Any CPU
	EndGlobalSection
	GlobalSection(SolutionProperties) = preSolution
		HideSolutionNode = FALSE
	EndGlobalSection
	GlobalSection(ExtensibilityGlobals) = postSolution
		SolutionGuid = {352DE7C7-90B0-4FDB-AA34-472977D55508}
	EndGlobalSection
EndGlobal
